PODS:
  - Alamofire (5.0.4)
  - AlamofireImage (4.0.3):
    - Alamofire (< 6.0.0, >= 5.0.2)
  - MagicalRecord (2.3.2):
    - MagicalRecord/Core (= 2.3.2)
  - MagicalRecord/Core (2.3.2)
  - SDWebImage (5.6.1):
    - SDWebImage/Core (= 5.6.1)
  - SDWebImage/Core (5.6.1)
  - SwiftyJSON (4.3.0)

DEPENDENCIES:
  - AlamofireImage
  - MagicalRecord
  - SDWebImage (~> 5.0)
  - SwiftyJSON (~> 4.0)

SPEC REPOS:
  https://github.com/CocoaPods/Specs.git:
    - Alamofire
    - AlamofireImage
    - MagicalRecord
    - SDWebImage
    - SwiftyJSON

SPEC CHECKSUMS:
  Alamofire: 0fe5fd24b4298dc377a6550da7d5f1b30e286fcb
  AlamofireImage: 3d1a2010519e58675318735580eb856e88840ff7
  MagicalRecord: 53bed74b4323b930992a725be713e53b37d19755
  SDWebImage: 7edb9c3ea661e77a66661f7f044de8c1b55d1120
  SwiftyJSON: 6faa0040f8b59dead0ee07436cbf76b73c08fd08

PODFILE CHECKSUM: 01cb594a6814736ef4a9f57fa1ad452a0d7cc4ea

COCOAPODS: 1.9.1
